
Microsoft Visual Studio Solution File, Format Version 12.00
# Visual Studio Version 16
VisualStudioVersion = 16.0.29411.108
MinimumVisualStudioVersion = 10.0.40219.1
Project("{FAE04EC0-301F-11D3-BF4B-00C04F79EFBC}") = "ContosoUniversity", "ContosoUniversity\ContosoUniversity.csproj", "{8A74989B-5315-4ED6-AC55-AB161074CD6C}"
EndProject
Global
	GlobalSection(SolutionConfigurationPlatforms) = preSolution
		Debug|Any CPU = Debug|Any CPU
		Release|Any CPU = Release|Any CPU
	EndGlobalSection
	GlobalSection(ProjectConfigurationPlatforms) = postSolution
		{8A74989B-5315-4ED6-AC55-AB161074CD6C}.Debug|Any CPU.ActiveCfg = Debug|Any CPU
		{8A74989B-5315-4ED6-AC55-AB161074CD6C}.Debug|Any CPU.Build.0 = Debug|Any CPU
		{8A74989B-5315-4ED6-AC55-AB161074CD6C}.Release|Any CPU.ActiveCfg = Release|Any CPU
		{8A74989B-5315-4ED6-AC55-AB161074CD6C}.Release|Any CPU.Build.0 = Release|Any CPU
	EndGlobalSection
	GlobalSection(SolutionProperties) = preSolution
		HideSolutionNode = FALSE
	EndGlobalSection
	GlobalSection(ExtensibilityGlobals) = postSolution
		SolutionGuid = {AF4FD5CD-0CFE-46CF-8D87-D1D6FD247372}
	EndGlobalSection
EndGlobal
